
Microsoft Visual Studio Solution File, Format Version 12.00
# Visual Studio Version 17
VisualStudioVersion = 17.2.32630.192
MinimumVisualStudioVersion = 10.0.40219.1
Project("{FAE04EC0-301F-11D3-BF4B-00C04F79EFBC}") = "RP Calculator", "RP Calculator.csproj", "{1D8F3305-F738-4DB3-A3BC-73A7C2D3CF1A}"
EndProject
Global
	GlobalSection(SolutionConfigurationPlatforms) = preSolution
		Debug|Any CPU = Debug|Any CPU
		Release|Any CPU = Release|Any CPU
	EndGlobalSection
	GlobalSection(ProjectConfigurationPlatforms) = postSolution
		{1D8F3305-F738-4DB3-A3BC-73A7C2D3CF1A}.Debug|Any CPU.ActiveCfg = Debug|Any CPU
		{1D8F3305-F738-4DB3-A3BC-73A7C2D3CF1A}.Debug|Any CPU.Build.0 = Debug|Any CPU
		{1D8F3305-F738-4DB3-A3BC-73A7C2D3CF1A}.Release|Any CPU.ActiveCfg = Release|Any CPU
		{1D8F3305-F738-4DB3-A3BC-73A7C2D3CF1A}.Release|Any CPU.Build.0 = Release|Any CPU
	EndGlobalSection
	GlobalSection(SolutionProperties) = preSolution
		HideSolutionNode = FALSE
	EndGlobalSection
	GlobalSection(ExtensibilityGlobals) = postSolution
		SolutionGuid = {F06C988F-A5D7-4592-8CB4-1576D7B2CE7F}
	EndGlobalSection
EndGlobal
